<?xml version="1.0" encoding="utf-8"?>
<Project ToolsVersion="4.0" xmlns="http://schemas.microsoft.com/developer/msbuild/2003">
  <ItemGroup>
    <Filter Include="Source Files">
      <UniqueIdentifier>{4FC737F1-C7A5-4376-A066-2A32D752A2FF}</UniqueIdentifier>
      <Extensions>cpp;c;cc;cxx;def;odl;idl;hpj;bat;asm;asmx</Extensions>
    </Filter>
    <Filter Include="Header Files">
      <UniqueIdentifier>{93995380-89BD-4b04-88EB-625FBE52EBFB}</UniqueIdentifier>
      <Extensions>h;hh;hpp;hxx;hm;inl;inc;xsd</Extensions>
    </Filter>
    <Filter Include="Resource Files">
      <UniqueIdentifier>{67DA6AB6-F800-4c08-8B7A-83BB121AAD01}</UniqueIdentifier>
      <Extensions>rc;ico;cur;bmp;dlg;rc2;rct;bin;rgs;gif;jpg;jpeg;jpe;resx;tiff;tif;png;wav</Extensions>
    </Filter>
  </ItemGroup>
  <ItemGroup>
    <ClCompile Include="..\src\rb3ptr.c">
      <Filter>Source Files</Filter>
    </ClCompile>
    <ClCompile Include="..\src\astedit\bytes.c">
      <Filter>Source Files</Filter>
    </ClCompile>
    <ClCompile Include="..\src\astedit\clock-win32.c">
      <Filter>Source Files</Filter>
    </ClCompile>
    <ClCompile Include="..\src\astedit\data.c">
      <Filter>Source Files</Filter>
    </ClCompile>
    <ClCompile Include="..\src\astedit\draw2d.c">
      <Filter>Source Files</Filter>
    </ClCompile>
    <ClCompile Include="..\src\astedit\font.c">
      <Filter>Source Files</Filter>
    </ClCompile>
    <ClCompile Include="..\src\astedit\font-freetype.c">
      <Filter>Source Files</Filter>
    </ClCompile>
    <ClCompile Include="..\src\astedit\gfx-opengl.c">
      <Filter>Source Files</Filter>
    </ClCompile>
    <ClCompile Include="..\src\astedit\logging.c">
      <Filter>Source Files</Filter>
    </ClCompile>
    <ClCompile Include="..\src\astedit\main.c">
      <Filter>Source Files</Filter>
    </ClCompile>
    <ClCompile Include="..\src\astedit\memoryalloc.c">
      <Filter>Source Files</Filter>
    </ClCompile>
    <ClCompile Include="..\src\astedit\stringpool.c">
      <Filter>Source Files</Filter>
    </ClCompile>
    <ClCompile Include="..\src\astedit\textedit.c">
      <Filter>Source Files</Filter>
    </ClCompile>
    <ClCompile Include="..\src\astedit\textrope.c">
      <Filter>Source Files</Filter>
    </ClCompile>
    <ClCompile Include="..\src\astedit\textureatlas.c">
      <Filter>Source Files</Filter>
    </ClCompile>
    <ClCompile Include="..\src\astedit\utf8.c">
      <Filter>Source Files</Filter>
    </ClCompile>
    <ClCompile Include="..\src\astedit\window.c">
      <Filter>Source Files</Filter>
    </ClCompile>
    <ClCompile Include="..\src\astedit\window-glfw.c">
      <Filter>Source Files</Filter>
    </ClCompile>
    <ClCompile Include="..\src\blunt\parse.c">
      <Filter>Source Files</Filter>
    </ClCompile>
    <ClCompile Include="..\src\blunt\lex.c">
      <Filter>Source Files</Filter>
    </ClCompile>
    <ClCompile Include="..\src\astedit\eventhandling.c">
      <Filter>Source Files</Filter>
    </ClCompile>
    <ClCompile Include="..\src\astedit\textropeUTF8decode.c">
      <Filter>Source Files</Filter>
    </ClCompile>
    <ClCompile Include="..\src\astedit\filesystem-win32.c">
      <Filter>Source Files</Filter>
    </ClCompile>
    <ClCompile Include="..\src\astedit\osthread-win32.c">
      <Filter>Source Files</Filter>
    </ClCompile>
    <ClCompile Include="..\src\astedit\vimode.c">
      <Filter>Source Files</Filter>
    </ClCompile>
    <ClCompile Include="..\src\astedit\texteditloadsave.c">
      <Filter>Source Files</Filter>
    </ClCompile>
    <ClCompile Include="..\src\astedit\filereadwritethread.c">
      <Filter>Source Files</Filter>
    </ClCompile>
    <ClCompile Include="..\src\astedit\mutex-win32.c">
      <Filter>Source Files</Filter>
    </ClCompile>
    <ClCompile Include="..\src\astedit\cmdlinehistory.c">
      <Filter>Source Files</Filter>
    </ClCompile>
    <ClCompile Include="..\src\astedit\edithistory.c">
      <Filter>Source Files</Filter>
    </ClCompile>
  </ItemGroup>
  <ItemGroup>
    <ClInclude Include="..\include\rb3ptr.h">
      <Filter>Header Files</Filter>
    </ClInclude>
    <ClInclude Include="..\include\astedit\astedit.h">
      <Filter>Header Files</Filter>
    </ClInclude>
    <ClInclude Include="..\include\astedit\logging.h">
      <Filter>Header Files</Filter>
    </ClInclude>
    <ClInclude Include="..\include\astedit\clock.h">
      <Filter>Header Files</Filter>
    </ClInclude>
    <ClInclude Include="..\include\astedit\textureatlas.h">
      <Filter>Header Files</Filter>
    </ClInclude>
    <ClInclude Include="..\include\astedit\font.h">
      <Filter>Header Files</Filter>
    </ClInclude>
    <ClInclude Include="..\include\astedit\memoryalloc.h">
      <Filter>Header Files</Filter>
    </ClInclude>
    <ClInclude Include="..\include\astedit\bytes.h">
      <Filter>Header Files</Filter>
    </ClInclude>
    <ClInclude Include="..\include\astedit\gfx.h">
      <Filter>Header Files</Filter>
    </ClInclude>
    <ClInclude Include="..\include\astedit\draw2d.h">
      <Filter>Header Files</Filter>
    </ClInclude>
    <ClInclude Include="..\include\astedit\utf8.h">
      <Filter>Header Files</Filter>
    </ClInclude>
    <ClInclude Include="..\include\astedit\window.h">
      <Filter>Header Files</Filter>
    </ClInclude>
    <ClInclude Include="..\include\astedit\textedit.h">
      <Filter>Header Files</Filter>
    </ClInclude>
    <ClInclude Include="..\include\astedit\textrope.h">
      <Filter>Header Files</Filter>
    </ClInclude>
    <ClInclude Include="..\include\stringpool.h">
      <Filter>Header Files</Filter>
    </ClInclude>
    <ClInclude Include="..\include\astedit\stringpool.h">
      <Filter>Header Files</Filter>
    </ClInclude>
    <ClInclude Include="..\include\blunt\lex.h">
      <Filter>Header Files</Filter>
    </ClInclude>
    <ClInclude Include="..\include\astedit\eventhandling.h">
      <Filter>Header Files</Filter>
    </ClInclude>
    <ClInclude Include="..\include\astedit\textropeUTF8decode.h">
      <Filter>Header Files</Filter>
    </ClInclude>
    <ClInclude Include="..\include\astedit\filepositions.h">
      <Filter>Header Files</Filter>
    </ClInclude>
    <ClInclude Include="..\include\astedit\filesystem.h">
      <Filter>Header Files</Filter>
    </ClInclude>
    <ClInclude Include="..\include\astedit\osthread.h">
      <Filter>Header Files</Filter>
    </ClInclude>
    <ClInclude Include="..\include\astedit\vimode.h">
      <Filter>Header Files</Filter>
    </ClInclude>
    <ClInclude Include="..\include\astedit\texteditloadsave.h">
      <Filter>Header Files</Filter>
    </ClInclude>
    <ClInclude Include="..\include\astedit\filereadwritethread.h">
      <Filter>Header Files</Filter>
    </ClInclude>
    <ClInclude Include="..\include\astedit\mutex.h">
      <Filter>Header Files</Filter>
    </ClInclude>
    <ClInclude Include="..\include\astedit\clock-win32.h">
      <Filter>Header Files</Filter>
    </ClInclude>
    <ClInclude Include="..\include\astedit\cmdlinehistory.h">
      <Filter>Header Files</Filter>
    </ClInclude>
    <ClInclude Include="..\include\astedit\edithistory.h">
      <Filter>Header Files</Filter>
    </ClInclude>
  </ItemGroup>
  <ItemGroup>
    <None Include="..\include\astedit\opengl-extensions.inc">
      <Filter>Header Files</Filter>
    </None>
  </ItemGroup>
</Project>